// !$*UTF8*$!
{
	archiveVersion = 1;
	classes = {
	};
	objectVersion = 55;
	objects = {

/* Begin PBXBuildFile section */
		0FA57CEB275C713400F27CDD /* AppDelegate.swift in Sources */ = {isa = PBXBuildFile; fileRef = 0FA57CEA275C713400F27CDD /* AppDelegate.swift */; };
		0FA57CED275C713400F27CDD /* SceneDelegate.swift in Sources */ = {isa = PBXBuildFile; fileRef = 0FA57CEC275C713400F27CDD /* SceneDelegate.swift */; };
		0FA57CEF275C713400F27CDD /* ViewController.swift in Sources */ = {isa = PBXBuildFile; fileRef = 0FA57CEE275C713400F27CDD /* ViewController.swift */; };
		0FA57CF2275C713400F27CDD /* Main.storyboard in Resources */ = {isa = PBXBuildFile; fileRef = 0FA57CF0275C713400F27CDD /* Main.storyboard */; };
		0FA57CF4275C713500F27CDD /* Assets.xcassets in Resources */ = {isa = PBXBuildFile; fileRef = 0FA57CF3275C713500F27CDD /* Assets.xcassets */; };
		0FA57CF7275C713500F27CDD /* LaunchScreen.storyboard in Resources */ = {isa = PBXBuildFile; fileRef = 0FA57CF5275C713500F27CDD /* LaunchScreen.storyboard */; };
		0FA57CFF275C7E8000F27CDD /* ChatViewController.swift in Sources */ = {isa = PBXBuildFile; fileRef = 0FA57CFE275C7E8000F27CDD /* ChatViewController.swift */; };
		2AD24BD63A53E03893C0731A /* Pods_Messages_App.framework in Frameworks */ = {isa = PBXBuildFile; fileRef = F0AA7124620E9A87A83CB18F /* Pods_Messages_App.framework */; };
/* End PBXBuildFile section */

/* Begin PBXFileReference section */
		0611F27FB37CAB735EF1739D /* Pods-Messages App.debug.xcconfig */ = {isa = PBXFileReference; includeInIndex = 1; lastKnownFileType = text.xcconfig; name = "Pods-Messages App.debug.xcconfig"; path = "Target Support Files/Pods-Messages App/Pods-Messages App.debug.xcconfig"; sourceTree = "<group>"; };
		0FA57CE7275C713400F27CDD /* Messages App.app */ = {isa = PBXFileReference; explicitFileType = wrapper.application; includeInIndex = 0; path = "Messages App.app"; sourceTree = BUILT_PRODUCTS_DIR; };
		0FA57CEA275C713400F27CDD /* AppDelegate.swift */ = {isa = PBXFileReference; lastKnownFileType = sourcecode.swift; path = AppDelegate.swift; sourceTree = "<group>"; };
		0FA57CEC275C713400F27CDD /* SceneDelegate.swift */ = {isa = PBXFileReference; lastKnownFileType = sourcecode.swift; path = SceneDelegate.swift; sourceTree = "<group>"; };
		0FA57CEE275C713400F27CDD /* ViewController.swift */ = {isa = PBXFileReference; lastKnownFileType = sourcecode.swift; path = ViewController.swift; sourceTree = "<group>"; };
		0FA57CF1275C713400F27CDD /* Base */ = {isa = PBXFileReference; lastKnownFileType = file.storyboard; name = Base; path = Base.lproj/Main.storyboard; sourceTree = "<group>"; };
		0FA57CF3275C713500F27CDD /* Assets.xcassets */ = {isa = PBXFileReference; lastKnownFileType = folder.assetcatalog; path = Assets.xcassets; sourceTree = "<group>"; };
		0FA57CF6275C713500F27CDD /* Base */ = {isa = PBXFileReference; lastKnownFileType = file.storyboard; name = Base; path = Base.lproj/LaunchScreen.storyboard; sourceTree = "<group>"; };
		0FA57CF8275C713500F27CDD /* Info.plist */ = {isa = PBXFileReference; lastKnownFileType = text.plist.xml; path = Info.plist; sourceTree = "<group>"; };
		0FA57CFE275C7E8000F27CDD /* ChatViewController.swift */ = {isa = PBXFileReference; lastKnownFileType = sourcecode.swift; path = ChatViewController.swift; sourceTree = "<group>"; };
		7650C98763841F9CA928B64D /* Pods-Messages App.release.xcconfig */ = {isa = PBXFileReference; includeInIndex = 1; lastKnownFileType = text.xcconfig; name = "Pods-Messages App.release.xcconfig"; path = "Target Support Files/Pods-Messages App/Pods-Messages App.release.xcconfig"; sourceTree = "<group>"; };
		F0AA7124620E9A87A83CB18F /* Pods_Messages_App.framework */ = {isa = PBXFileReference; explicitFileType = wrapper.framework; includeInIndex = 0; path = Pods_Messages_App.framework; sourceTree = BUILT_PRODUCTS_DIR; };
/* End PBXFileReference section */

/* Begin PBXFrameworksBuildPhase section */
		0FA57CE4275C713400F27CDD /* Frameworks */ = {
			isa = PBXFrameworksBuildPhase;
			buildActionMask = 2147483647;
			files = (
				2AD24BD63A53E03893C0731A /* Pods_Messages_App.framework in Frameworks */,
			);
			runOnlyForDeploymentPostprocessing = 0;
		};
/* End PBXFrameworksBuildPhase section */

/* Begin PBXGroup section */
		0FA57CDE275C713400F27CDD = {
			isa = PBXGroup;
			children = (
				0FA57CE9275C713400F27CDD /* Messages App */,
				0FA57CE8275C713400F27CDD /* Products */,
				160574907C05A4CE3643E685 /* Pods */,
				7A891E6041662AF14BD4A903 /* Frameworks */,
			);
			sourceTree = "<group>";
		};
		0FA57CE8275C713400F27CDD /* Products */ = {
			isa = PBXGroup;
			children = (
				0FA57CE7275C713400F27CDD /* Messages App.app */,
			);
			name = Products;
			sourceTree = "<group>";
		};
		0FA57CE9275C713400F27CDD /* Messages App */ = {
			isa = PBXGroup;
			children = (
				0FA57CEA275C713400F27CDD /* AppDelegate.swift */,
				0FA57CEC275C713400F27CDD /* SceneDelegate.swift */,
				0FA57CEE275C713400F27CDD /* ViewController.swift */,
				0FA57CF0275C713400F27CDD /* Main.storyboard */,
				0FA57CF3275C713500F27CDD /* Assets.xcassets */,
				0FA57CF5275C713500F27CDD /* LaunchScreen.storyboard */,
				0FA57CF8275C713500F27CDD /* Info.plist */,
				0FA57CFE275C7E8000F27CDD /* ChatViewController.swift */,
			);
			path = "Messages App";
			sourceTree = "<group>";
		};
		160574907C05A4CE3643E685 /* Pods */ = {
			isa = PBXGroup;
			children = (
				0611F27FB37CAB735EF1739D /* Pods-Messages App.debug.xcconfig */,
				7650C98763841F9CA928B64D /* Pods-Messages App.release.xcconfig */,
			);
			path = Pods;
			sourceTree = "<group>";
		};
		7A891E6041662AF14BD4A903 /* Frameworks */ = {
			isa = PBXGroup;
			children = (
				F0AA7124620E9A87A83CB18F /* Pods_Messages_App.framework */,
			);
			name = Frameworks;
			sourceTree = "<group>";
		};
/* End PBXGroup section */

/* Begin PBXNativeTarget section */
		0FA57CE6275C713400F27CDD /* Messages App */ = {
			isa = PBXNativeTarget;
			buildConfigurationList = 0FA57CFB275C713500F27CDD /* Build configuration list for PBXNativeTarget "Messages App" */;
			buildPhases = (
				7243D60004C8776D985F1AD7 /* [CP] Check Pods Manifest.lock */,
				0FA57CE3275C713400F27CDD /* Sources */,
				0FA57CE4275C713400F27CDD /* Frameworks */,
				0FA57CE5275C713400F27CDD /* Resources */,
				9F2FA915593A841001F06BB8 /* [CP] Embed Pods Frameworks */,
			);
			buildRules = (
			);
			dependencies = (
			);
			name = "Messages App";
			productName = "Messages App";
			productReference = 0FA57CE7275C713400F27CDD /* Messages App.app */;
			productType = "com.apple.product-type.application";
		};
/* End PBXNativeTarget section */

/* Begin PBXProject section */
		0FA57CDF275C713400F27CDD /* Project object */ = {
			isa = PBXProject;
			attributes = {
				BuildIndependentTargetsInParallel = 1;
				LastSwiftUpdateCheck = 1310;
				LastUpgradeCheck = 1310;
				TargetAttributes = {
					0FA57CE6275C713400F27CDD = {
						CreatedOnToolsVersion = 13.1;
					};
				};
			};
			buildConfigurationList = 0FA57CE2275C713400F27CDD /* Build configuration list for PBXProject "Messages App" */;
			compatibilityVersion = "Xcode 13.0";
			developmentRegion = en;
			hasScannedForEncodings = 0;
			knownRegions = (
				en,
				Base,
			);
			mainGroup = 0FA57CDE275C713400F27CDD;
			productRefGroup = 0FA57CE8275C713400F27CDD /* Products */;
			projectDirPath = "";
			projectRoot = "";
			targets = (
				0FA57CE6275C713400F27CDD /* Messages App */,
			);
		};
/* End PBXProject section */

/* Begin PBXResourcesBuildPhase section */
		0FA57CE5275C713400F27CDD /* Resources */ = {
			isa = PBXResourcesBuildPhase;
			buildActionMask = 2147483647;
			files = (
				0FA57CF7275C713500F27CDD /* LaunchScreen.storyboard in Resources */,
				0FA57CF4275C713500F27CDD /* Assets.xcassets in Resources */,
				0FA57CF2275C713400F27CDD /* Main.storyboard in Resources */,
			);
			runOnlyForDeploymentPostprocessing = 0;
		};
/* End PBXResourcesBuildPhase section */

/* Begin PBXShellScriptBuildPhase section */
		7243D60004C8776D985F1AD7 /* [CP] Check Pods Manifest.lock */ = {
			isa = PBXShellScriptBuildPhase;
			buildActionMask = 2147483647;
			files = (
			);
			inputFileListPaths = (
			);
			inputPaths = (
				"${PODS_PODFILE_DIR_PATH}/Podfile.lock",
				"${PODS_ROOT}/Manifest.lock",
			);
			name = "[CP] Check Pods Manifest.lock";
			outputFileListPaths = (
			);
			outputPaths = (
				"$(DERIVED_FILE_DIR)/Pods-Messages App-checkManifestLockResult.txt",
			);
			runOnlyForDeploymentPostprocessing = 0;
			shellPath = /bin/sh;
			shellScript = "diff \"${PODS_PODFILE_DIR_PATH}/Podfile.lock\" \"${PODS_ROOT}/Manifest.lock\" > /dev/null\nif [ $? != 0 ] ; then\n    # print error to STDERR\n    echo \"error: The sandbox is not in sync with the Podfile.lock. Run 'pod install' or update your CocoaPods installation.\" >&2\n    exit 1\nfi\n# This output is used by Xcode 'outputs' to avoid re-running this script phase.\necho \"SUCCESS\" > \"${SCRIPT_OUTPUT_FILE_0}\"\n";
			showEnvVarsInLog = 0;
		};
		9F2FA915593A841001F06BB8 /* [CP] Embed Pods Frameworks */ = {
			isa = PBXShellScriptBuildPhase;
			buildActionMask = 2147483647;
			files = (
			);
			inputFileListPaths = (
				"${PODS_ROOT}/Target Support Files/Pods-Messages App/Pods-Messages App-frameworks-${CONFIGURATION}-input-files.xcfilelist",
			);
			name = "[CP] Embed Pods Frameworks";
			outputFileListPaths = (
				"${PODS_ROOT}/Target Support Files/Pods-Messages App/Pods-Messages App-frameworks-${CONFIGURATION}-output-files.xcfilelist",
			);
			runOnlyForDeploymentPostprocessing = 0;
			shellPath = /bin/sh;
			shellScript = "\"${PODS_ROOT}/Target Support Files/Pods-Messages App/Pods-Messages App-frameworks.sh\"\n";
			showEnvVarsInLog = 0;
		};
/* End PBXShellScriptBuildPhase section */

/* Begin PBXSourcesBuildPhase section */
		0FA57CE3275C713400F27CDD /* Sources */ = {
			isa = PBXSourcesBuildPhase;
			buildActionMask = 2147483647;
			files = (
				0FA57CEF275C713400F27CDD /* ViewController.swift in Sources */,
				0FA57CEB275C713400F27CDD /* AppDelegate.swift in Sources */,
				0FA57CFF275C7E8000F27CDD /* ChatViewController.swift in Sources */,
				0FA57CED275C713400F27CDD /* SceneDelegate.swift in Sources */,
			);
			runOnlyForDeploymentPostprocessing = 0;
		};
/* End PBXSourcesBuildPhase section */

/* Begin PBXVariantGroup section */
		0FA57CF0275C713400F27CDD /* Main.storyboard */ = {
			isa = PBXVariantGroup;
			children = (
				0FA57CF1275C713400F27CDD /* Base */,
			);
			name = Main.storyboard;
			sourceTree = "<group>";
		};
		0FA57CF5275C713500F27CDD /* LaunchScreen.storyboard */ = {
			isa = PBXVariantGroup;
			children = (
				0FA57CF6275C713500F27CDD /* Base */,
			);
			name = LaunchScreen.storyboard;
			sourceTree = "<group>";
		};
/* End PBXVariantGroup section */

/* Begin XCBuildConfiguration section */
		0FA57CF9275C713500F27CDD /* Debug */ = {
			isa = XCBuildConfiguration;
			buildSettings = {
				ALWAYS_SEARCH_USER_PATHS = NO;
				CLANG_ANALYZER_NONNULL = YES;
				CLANG_ANALYZER_NUMBER_OBJECT_CONVERSION = YES_AGGRESSIVE;
				CLANG_CXX_LANGUAGE_STANDARD = "gnu++17";
				CLANG_CXX_LIBRARY = "libc++";
				CLANG_ENABLE_MODULES = YES;
				CLANG_ENABLE_OBJC_ARC = YES;
				CLANG_ENABLE_OBJC_WEAK = YES;
				CLANG_WARN_BLOCK_CAPTURE_AUTORELEASING = YES;
				CLANG_WARN_BOOL_CONVERSION = YES;
				CLANG_WARN_COMMA = YES;
				CLANG_WARN_CONSTANT_CONVERSION = YES;
				CLANG_WARN_DEPRECATED_OBJC_IMPLEMENTATIONS = YES;
				CLANG_WARN_DIRECT_OBJC_ISA_USAGE = YES_ERROR;
				CLANG_WARN_DOCUMENTATION_COMMENTS = YES;
				CLANG_WARN_EMPTY_BODY = YES;
				CLANG_WARN_ENUM_CONVERSION = YES;
				CLANG_WARN_INFINITE_RECURSION = YES;
				CLANG_WARN_INT_CONVERSION = YES;
				CLANG_WARN_NON_LITERAL_NULL_CONVERSION = YES;
				CLANG_WARN_OBJC_IMPLICIT_RETAIN_SELF = YES;
				CLANG_WARN_OBJC_LITERAL_CONVERSION = YES;
				CLANG_WARN_OBJC_ROOT_CLASS = YES_ERROR;
				CLANG_WARN_QUOTED_INCLUDE_IN_FRAMEWORK_HEADER = YES;
				CLANG_WARN_RANGE_LOOP_ANALYSIS = YES;
				CLANG_WARN_STRICT_PROTOTYPES = YES;
				CLANG_WARN_SUSPICIOUS_MOVE = YES;
				CLANG_WARN_UNGUARDED_AVAILABILITY = YES_AGGRESSIVE;
				CLANG_WARN_UNREACHABLE_CODE = YES;
				CLANG_WARN__DUPLICATE_METHOD_MATCH = YES;
				COPY_PHASE_STRIP = NO;
				DEBUG_INFORMATION_FORMAT = dwarf;
				ENABLE_STRICT_OBJC_MSGSEND = YES;
				ENABLE_TESTABILITY = YES;
				GCC_C_LANGUAGE_STANDARD = gnu11;
				GCC_DYNAMIC_NO_PIC = NO;
				GCC_NO_COMMON_BLOCKS = YES;
				GCC_OPTIMIZATION_LEVEL = 0;
				GCC_PREPROCESSOR_DEFINITIONS = (
					"DEBUG=1",
					"$(inherited)",
				);
				GCC_WARN_64_TO_32_BIT_CONVERSION = YES;
				GCC_WARN_ABOUT_RETURN_TYPE = YES_ERROR;
				GCC_WARN_UNDECLARED_SELECTOR = YES;
				GCC_WARN_UNINITIALIZED_AUTOS = YES_AGGRESSIVE;
				GCC_WARN_UNUSED_FUNCTION = YES;
				GCC_WARN_UNUSED_VARIABLE = YES;
				IPHONEOS_DEPLOYMENT_TARGET = 15.0;
				MTL_ENABLE_DEBUG_INFO = INCLUDE_SOURCE;
				MTL_FAST_MATH = YES;
				ONLY_ACTIVE_ARCH = YES;
				SDKROOT = iphoneos;
				SWIFT_ACTIVE_COMPILATION_CONDITIONS = DEBUG;
				SWIFT_OPTIMIZATION_LEVEL = "-Onone";
			};
			name = Debug;
		};
		0FA57CFA275C713500F27CDD /* Release */ = {
			isa = XCBuildConfiguration;
			buildSettings = {
				ALWAYS_SEARCH_USER_PATHS = NO;
				CLANG_ANALYZER_NONNULL = YES;
				CLANG_ANALYZER_NUMBER_OBJECT_CONVERSION = YES_AGGRESSIVE;
				CLANG_CXX_LANGUAGE_STANDARD = "gnu++17";
				CLANG_CXX_LIBRARY = "libc++";
				CLANG_ENABLE_MODULES = YES;
				CLANG_ENABLE_OBJC_ARC = YES;
				CLANG_ENABLE_OBJC_WEAK = YES;
				CLANG_WARN_BLOCK_CAPTURE_AUTORELEASING = YES;
				CLANG_WARN_BOOL_CONVERSION = YES;
				CLANG_WARN_COMMA = YES;
				CLANG_WARN_CONSTANT_CONVERSION = YES;
				CLANG_WARN_DEPRECATED_OBJC_IMPLEMENTATIONS = YES;
				CLANG_WARN_DIRECT_OBJC_ISA_USAGE = YES_ERROR;
				CLANG_WARN_DOCUMENTATION_COMMENTS = YES;
				CLANG_WARN_EMPTY_BODY = YES;
				CLANG_WARN_ENUM_CONVERSION = YES;
				CLANG_WARN_INFINITE_RECURSION = YES;
				CLANG_WARN_INT_CONVERSION = YES;
				CLANG_WARN_NON_LITERAL_NULL_CONVERSION = YES;
				CLANG_WARN_OBJC_IMPLICIT_RETAIN_SELF = YES;
				CLANG_WARN_OBJC_LITERAL_CONVERSION = YES;
				CLANG_WARN_OBJC_ROOT_CLASS = YES_ERROR;
				CLANG_WARN_QUOTED_INCLUDE_IN_FRAMEWORK_HEADER = YES;
				CLANG_WARN_RANGE_LOOP_ANALYSIS = YES;
				CLANG_WARN_STRICT_PROTOTYPES = YES;
				CLANG_WARN_SUSPICIOUS_MOVE = YES;
				CLANG_WARN_UNGUARDED_AVAILABILITY = YES_AGGRESSIVE;
				CLANG_WARN_UNREACHABLE_CODE = YES;
				CLANG_WARN__DUPLICATE_METHOD_MATCH = YES;
				COPY_PHASE_STRIP = NO;
				DEBUG_INFORMATION_FORMAT = "dwarf-with-dsym";
				ENABLE_NS_ASSERTIONS = NO;
				ENABLE_STRICT_OBJC_MSGSEND = YES;
				GCC_C_LANGUAGE_STANDARD = gnu11;
				GCC_NO_COMMON_BLOCKS = YES;
				GCC_WARN_64_TO_32_BIT_CONVERSION = YES;
				GCC_WARN_ABOUT_RETURN_TYPE = YES_ERROR;
				GCC_WARN_UNDECLARED_SELECTOR = YES;
				GCC_WARN_UNINITIALIZED_AUTOS = YES_AGGRESSIVE;
				GCC_WARN_UNUSED_FUNCTION = YES;
				GCC_WARN_UNUSED_VARIABLE = YES;
				IPHONEOS_DEPLOYMENT_TARGET = 15.0;
				MTL_ENABLE_DEBUG_INFO = NO;
				MTL_FAST_MATH = YES;
				SDKROOT = iphoneos;
				SWIFT_COMPILATION_MODE = wholemodule;
				SWIFT_OPTIMIZATION_LEVEL = "-O";
				VALIDATE_PRODUCT = YES;
			};
			name = Release;
		};
		0FA57CFC275C713500F27CDD /* Debug */ = {
			isa = XCBuildConfiguration;
			baseConfigurationReference = 0611F27FB37CAB735EF1739D /* Pods-Messages App.debug.xcconfig */;
			buildSettings = {
				ASSETCATALOG_COMPILER_APPICON_NAME = AppIcon;
				ASSETCATALOG_COMPILER_GLOBAL_ACCENT_COLOR_NAME = AccentColor;
				CODE_SIGN_STYLE = Automatic;
				CURRENT_PROJECT_VERSION = 1;
				DEVELOPMENT_TEAM = WCBWQ8ZQF2;
				GENERATE_INFOPLIST_FILE = YES;
				INFOPLIST_FILE = "Messages App/Info.plist";
				INFOPLIST_KEY_UIApplicationSupportsIndirectInputEvents = YES;
				INFOPLIST_KEY_UILaunchStoryboardName = LaunchScreen;
				INFOPLIST_KEY_UIMainStoryboardFile = Main;
				INFOPLIST_KEY_UISupportedInterfaceOrientations_iPad = "UIInterfaceOrientationPortrait UIInterfaceOrientationPortraitUpsideDown UIInterfaceOrientationLandscapeLeft UIInterfaceOrientationLandscapeRight";
				INFOPLIST_KEY_UISupportedInterfaceOrientations_iPhone = "UIInterfaceOrientationPortrait UIInterfaceOrientationLandscapeLeft UIInterfaceOrientationLandscapeRight";
				LD_RUNPATH_SEARCH_PATHS = (
					"$(inherited)",
					"@executable_path/Frameworks",
				);
				MARKETING_VERSION = 1.0;
				PRODUCT_BUNDLE_IDENTIFIER = "sinuar.Messages-App";
				PRODUCT_NAME = "$(TARGET_NAME)";
				SWIFT_EMIT_LOC_STRINGS = YES;
				SWIFT_VERSION = 5.0;
				TARGETED_DEVICE_FAMILY = "1,2";
			};
			name = Debug;
		};
		0FA57CFD275C713500F27CDD /* Release */ = {
			isa = XCBuildConfiguration;
			baseConfigurationReference = 7650C98763841F9CA928B64D /* Pods-Messages App.release.xcconfig */;
			buildSettings = {
				ASSETCATALOG_COMPILER_APPICON_NAME = AppIcon;
				ASSETCATALOG_COMPILER_GLOBAL_ACCENT_COLOR_NAME = AccentColor;
				CODE_SIGN_STYLE = Automatic;
				CURRENT_PROJECT_VERSION = 1;
				DEVELOPMENT_TEAM = WCBWQ8ZQF2;
				GENERATE_INFOPLIST_FILE = YES;
				INFOPLIST_FILE = "Messages App/Info.plist";
				INFOPLIST_KEY_UIApplicationSupportsIndirectInputEvents = YES;
				INFOPLIST_KEY_UILaunchStoryboardName = LaunchScreen;
				INFOPLIST_KEY_UIMainStoryboardFile = Main;
				INFOPLIST_KEY_UISupportedInterfaceOrientations_iPad = "UIInterfaceOrientationPortrait UIInterfaceOrientationPortraitUpsideDown UIInterfaceOrientationLandscapeLeft UIInterfaceOrientationLandscapeRight";
				INFOPLIST_KEY_UISupportedInterfaceOrientations_iPhone = "UIInterfaceOrientationPortrait UIInterfaceOrientationLandscapeLeft UIInterfaceOrientationLandscapeRight";
				LD_RUNPATH_SEARCH_PATHS = (
					"$(inherited)",
					"@executable_path/Frameworks",
				);
				MARKETING_VERSION = 1.0;
				PRODUCT_BUNDLE_IDENTIFIER = "sinuar.Messages-App";
				PRODUCT_NAME = "$(TARGET_NAME)";
				SWIFT_EMIT_LOC_STRINGS = YES;
				SWIFT_VERSION = 5.0;
				TARGETED_DEVICE_FAMILY = "1,2";
			};
			name = Release;
		};
/* End XCBuildConfiguration section */

/* Begin XCConfigurationList section */
		0FA57CE2275C713400F27CDD /* Build configuration list for PBXProject "Messages App" */ = {
			isa = XCConfigurationList;
			buildConfigurations = (
				0FA57CF9275C713500F27CDD /* Debug */,
				0FA57CFA275C713500F27CDD /* Release */,
			);
			defaultConfigurationIsVisible = 0;
			defaultConfigurationName = Release;
		};
		0FA57CFB275C713500F27CDD /* Build configuration list for PBXNativeTarget "Messages App" */ = {
			isa = XCConfigurationList;
			buildConfigurations = (
				0FA57CFC275C713500F27CDD /* Debug */,
				0FA57CFD275C713500F27CDD /* Release */,
			);
			defaultConfigurationIsVisible = 0;
			defaultConfigurationName = Release;
		};
/* End XCConfigurationList section */
	};
	rootObject = 0FA57CDF275C713400F27CDD /* Project object */;
}
