// !$*UTF8*$!
{
	archiveVersion = 1;
	classes = {
	};
	objectVersion = 55;
	objects = {

/* Begin PBXBuildFile section */
		0F43B9482762EEDB00769573 /* Constants.swift in Sources */ = {isa = PBXBuildFile; fileRef = 0F43B9472762EEDB00769573 /* Constants.swift */; };
		0FC81955276129E5005AA47E /* MensajesUnoApp.swift in Sources */ = {isa = PBXBuildFile; fileRef = 0FC81954276129E5005AA47E /* MensajesUnoApp.swift */; };
		0FC81957276129E5005AA47E /* ContentView.swift in Sources */ = {isa = PBXBuildFile; fileRef = 0FC81956276129E5005AA47E /* ContentView.swift */; };
		0FC81959276129E6005AA47E /* Assets.xcassets in Resources */ = {isa = PBXBuildFile; fileRef = 0FC81958276129E6005AA47E /* Assets.xcassets */; };
		0FC8195C276129E7005AA47E /* Preview Assets.xcassets in Resources */ = {isa = PBXBuildFile; fileRef = 0FC8195B276129E7005AA47E /* Preview Assets.xcassets */; };
		0FC8196327612EAD005AA47E /* ChatRow.swift in Sources */ = {isa = PBXBuildFile; fileRef = 0FC8196227612EAD005AA47E /* ChatRow.swift */; };
		0FC819892761377E005AA47E /* ChatModel.swift in Sources */ = {isa = PBXBuildFile; fileRef = 0FC819882761377E005AA47E /* ChatModel.swift */; };
		0FC8198B27614A77005AA47E /* Date+Helpers.swift in Sources */ = {isa = PBXBuildFile; fileRef = 0FC8198A27614A77005AA47E /* Date+Helpers.swift */; };
		0FC8198D27615DD0005AA47E /* ChatsViewModel.swift in Sources */ = {isa = PBXBuildFile; fileRef = 0FC8198C27615DD0005AA47E /* ChatsViewModel.swift */; };
		0FC8198F27617AB3005AA47E /* ChatView.swift in Sources */ = {isa = PBXBuildFile; fileRef = 0FC8198E27617AB3005AA47E /* ChatView.swift */; };
/* End PBXBuildFile section */

/* Begin PBXFileReference section */
		0F43B9472762EEDB00769573 /* Constants.swift */ = {isa = PBXFileReference; lastKnownFileType = sourcecode.swift; path = Constants.swift; sourceTree = "<group>"; };
		0FC81951276129E5005AA47E /* MensajesUno.app */ = {isa = PBXFileReference; explicitFileType = wrapper.application; includeInIndex = 0; path = MensajesUno.app; sourceTree = BUILT_PRODUCTS_DIR; };
		0FC81954276129E5005AA47E /* MensajesUnoApp.swift */ = {isa = PBXFileReference; lastKnownFileType = sourcecode.swift; path = MensajesUnoApp.swift; sourceTree = "<group>"; };
		0FC81956276129E5005AA47E /* ContentView.swift */ = {isa = PBXFileReference; lastKnownFileType = sourcecode.swift; path = ContentView.swift; sourceTree = "<group>"; };
		0FC81958276129E6005AA47E /* Assets.xcassets */ = {isa = PBXFileReference; lastKnownFileType = folder.assetcatalog; path = Assets.xcassets; sourceTree = "<group>"; };
		0FC8195B276129E7005AA47E /* Preview Assets.xcassets */ = {isa = PBXFileReference; lastKnownFileType = folder.assetcatalog; path = "Preview Assets.xcassets"; sourceTree = "<group>"; };
		0FC8196227612EAD005AA47E /* ChatRow.swift */ = {isa = PBXFileReference; lastKnownFileType = sourcecode.swift; path = ChatRow.swift; sourceTree = "<group>"; };
		0FC819882761377E005AA47E /* ChatModel.swift */ = {isa = PBXFileReference; lastKnownFileType = sourcecode.swift; path = ChatModel.swift; sourceTree = "<group>"; };
		0FC8198A27614A77005AA47E /* Date+Helpers.swift */ = {isa = PBXFileReference; lastKnownFileType = sourcecode.swift; path = "Date+Helpers.swift"; sourceTree = "<group>"; };
		0FC8198C27615DD0005AA47E /* ChatsViewModel.swift */ = {isa = PBXFileReference; lastKnownFileType = sourcecode.swift; path = ChatsViewModel.swift; sourceTree = "<group>"; };
		0FC8198E27617AB3005AA47E /* ChatView.swift */ = {isa = PBXFileReference; lastKnownFileType = sourcecode.swift; path = ChatView.swift; sourceTree = "<group>"; };
/* End PBXFileReference section */

/* Begin PBXFrameworksBuildPhase section */
		0FC8194E276129E5005AA47E /* Frameworks */ = {
			isa = PBXFrameworksBuildPhase;
			buildActionMask = 2147483647;
			files = (
			);
			runOnlyForDeploymentPostprocessing = 0;
		};
/* End PBXFrameworksBuildPhase section */

/* Begin PBXGroup section */
		0FC81948276129E5005AA47E = {
			isa = PBXGroup;
			children = (
				0FC81953276129E5005AA47E /* MensajesUno */,
				0FC81952276129E5005AA47E /* Products */,
			);
			sourceTree = "<group>";
		};
		0FC81952276129E5005AA47E /* Products */ = {
			isa = PBXGroup;
			children = (
				0FC81951276129E5005AA47E /* MensajesUno.app */,
			);
			name = Products;
			sourceTree = "<group>";
		};
		0FC81953276129E5005AA47E /* MensajesUno */ = {
			isa = PBXGroup;
			children = (
				0FC81954276129E5005AA47E /* MensajesUnoApp.swift */,
				0FC81956276129E5005AA47E /* ContentView.swift */,
				0FC8198E27617AB3005AA47E /* ChatView.swift */,
				0F43B9472762EEDB00769573 /* Constants.swift */,
				0FC8198C27615DD0005AA47E /* ChatsViewModel.swift */,
				0FC819882761377E005AA47E /* ChatModel.swift */,
				0FC8196227612EAD005AA47E /* ChatRow.swift */,
				0FC8198A27614A77005AA47E /* Date+Helpers.swift */,
				0FC81958276129E6005AA47E /* Assets.xcassets */,
				0FC8195A276129E7005AA47E /* Preview Content */,
			);
			path = MensajesUno;
			sourceTree = "<group>";
		};
		0FC8195A276129E7005AA47E /* Preview Content */ = {
			isa = PBXGroup;
			children = (
				0FC8195B276129E7005AA47E /* Preview Assets.xcassets */,
			);
			path = "Preview Content";
			sourceTree = "<group>";
		};
/* End PBXGroup section */

/* Begin PBXNativeTarget section */
		0FC81950276129E5005AA47E /* MensajesUno */ = {
			isa = PBXNativeTarget;
			buildConfigurationList = 0FC8195F276129E7005AA47E /* Build configuration list for PBXNativeTarget "MensajesUno" */;
			buildPhases = (
				0FC8194D276129E5005AA47E /* Sources */,
				0FC8194E276129E5005AA47E /* Frameworks */,
				0FC8194F276129E5005AA47E /* Resources */,
			);
			buildRules = (
			);
			dependencies = (
			);
			name = MensajesUno;
			productName = MensajesUno;
			productReference = 0FC81951276129E5005AA47E /* MensajesUno.app */;
			productType = "com.apple.product-type.application";
		};
/* End PBXNativeTarget section */

/* Begin PBXProject section */
		0FC81949276129E5005AA47E /* Project object */ = {
			isa = PBXProject;
			attributes = {
				BuildIndependentTargetsInParallel = 1;
				LastSwiftUpdateCheck = 1310;
				LastUpgradeCheck = 1310;
				TargetAttributes = {
					0FC81950276129E5005AA47E = {
						CreatedOnToolsVersion = 13.1;
					};
				};
			};
			buildConfigurationList = 0FC8194C276129E5005AA47E /* Build configuration list for PBXProject "MensajesUno" */;
			compatibilityVersion = "Xcode 13.0";
			developmentRegion = en;
			hasScannedForEncodings = 0;
			knownRegions = (
				en,
				Base,
			);
			mainGroup = 0FC81948276129E5005AA47E;
			productRefGroup = 0FC81952276129E5005AA47E /* Products */;
			projectDirPath = "";
			projectRoot = "";
			targets = (
				0FC81950276129E5005AA47E /* MensajesUno */,
			);
		};
/* End PBXProject section */

/* Begin PBXResourcesBuildPhase section */
		0FC8194F276129E5005AA47E /* Resources */ = {
			isa = PBXResourcesBuildPhase;
			buildActionMask = 2147483647;
			files = (
				0FC8195C276129E7005AA47E /* Preview Assets.xcassets in Resources */,
				0FC81959276129E6005AA47E /* Assets.xcassets in Resources */,
			);
			runOnlyForDeploymentPostprocessing = 0;
		};
/* End PBXResourcesBuildPhase section */

/* Begin PBXSourcesBuildPhase section */
		0FC8194D276129E5005AA47E /* Sources */ = {
			isa = PBXSourcesBuildPhase;
			buildActionMask = 2147483647;
			files = (
				0FC8198D27615DD0005AA47E /* ChatsViewModel.swift in Sources */,
				0FC81957276129E5005AA47E /* ContentView.swift in Sources */,
				0FC8196327612EAD005AA47E /* ChatRow.swift in Sources */,
				0FC81955276129E5005AA47E /* MensajesUnoApp.swift in Sources */,
				0FC8198F27617AB3005AA47E /* ChatView.swift in Sources */,
				0FC819892761377E005AA47E /* ChatModel.swift in Sources */,
				0FC8198B27614A77005AA47E /* Date+Helpers.swift in Sources */,
				0F43B9482762EEDB00769573 /* Constants.swift in Sources */,
			);
			runOnlyForDeploymentPostprocessing = 0;
		};
/* End PBXSourcesBuildPhase section */

/* Begin XCBuildConfiguration section */
		0FC8195D276129E7005AA47E /* Debug */ = {
			isa = XCBuildConfiguration;
			buildSettings = {
				ALWAYS_SEARCH_USER_PATHS = NO;
				CLANG_ANALYZER_NONNULL = YES;
				CLANG_ANALYZER_NUMBER_OBJECT_CONVERSION = YES_AGGRESSIVE;
				CLANG_CXX_LANGUAGE_STANDARD = "gnu++17";
				CLANG_CXX_LIBRARY = "libc++";
				CLANG_ENABLE_MODULES = YES;
				CLANG_ENABLE_OBJC_ARC = YES;
				CLANG_ENABLE_OBJC_WEAK = YES;
				CLANG_WARN_BLOCK_CAPTURE_AUTORELEASING = YES;
				CLANG_WARN_BOOL_CONVERSION = YES;
				CLANG_WARN_COMMA = YES;
				CLANG_WARN_CONSTANT_CONVERSION = YES;
				CLANG_WARN_DEPRECATED_OBJC_IMPLEMENTATIONS = YES;
				CLANG_WARN_DIRECT_OBJC_ISA_USAGE = YES_ERROR;
				CLANG_WARN_DOCUMENTATION_COMMENTS = YES;
				CLANG_WARN_EMPTY_BODY = YES;
				CLANG_WARN_ENUM_CONVERSION = YES;
				CLANG_WARN_INFINITE_RECURSION = YES;
				CLANG_WARN_INT_CONVERSION = YES;
				CLANG_WARN_NON_LITERAL_NULL_CONVERSION = YES;
				CLANG_WARN_OBJC_IMPLICIT_RETAIN_SELF = YES;
				CLANG_WARN_OBJC_LITERAL_CONVERSION = YES;
				CLANG_WARN_OBJC_ROOT_CLASS = YES_ERROR;
				CLANG_WARN_QUOTED_INCLUDE_IN_FRAMEWORK_HEADER = YES;
				CLANG_WARN_RANGE_LOOP_ANALYSIS = YES;
				CLANG_WARN_STRICT_PROTOTYPES = YES;
				CLANG_WARN_SUSPICIOUS_MOVE = YES;
				CLANG_WARN_UNGUARDED_AVAILABILITY = YES_AGGRESSIVE;
				CLANG_WARN_UNREACHABLE_CODE = YES;
				CLANG_WARN__DUPLICATE_METHOD_MATCH = YES;
				COPY_PHASE_STRIP = NO;
				DEBUG_INFORMATION_FORMAT = dwarf;
				ENABLE_STRICT_OBJC_MSGSEND = YES;
				ENABLE_TESTABILITY = YES;
				GCC_C_LANGUAGE_STANDARD = gnu11;
				GCC_DYNAMIC_NO_PIC = NO;
				GCC_NO_COMMON_BLOCKS = YES;
				GCC_OPTIMIZATION_LEVEL = 0;
				GCC_PREPROCESSOR_DEFINITIONS = (
					"DEBUG=1",
					"$(inherited)",
				);
				GCC_WARN_64_TO_32_BIT_CONVERSION = YES;
				GCC_WARN_ABOUT_RETURN_TYPE = YES_ERROR;
				GCC_WARN_UNDECLARED_SELECTOR = YES;
				GCC_WARN_UNINITIALIZED_AUTOS = YES_AGGRESSIVE;
				GCC_WARN_UNUSED_FUNCTION = YES;
				GCC_WARN_UNUSED_VARIABLE = YES;
				IPHONEOS_DEPLOYMENT_TARGET = 15.0;
				MTL_ENABLE_DEBUG_INFO = INCLUDE_SOURCE;
				MTL_FAST_MATH = YES;
				ONLY_ACTIVE_ARCH = YES;
				SDKROOT = iphoneos;
				SWIFT_ACTIVE_COMPILATION_CONDITIONS = DEBUG;
				SWIFT_OPTIMIZATION_LEVEL = "-Onone";
			};
			name = Debug;
		};
		0FC8195E276129E7005AA47E /* Release */ = {
			isa = XCBuildConfiguration;
			buildSettings = {
				ALWAYS_SEARCH_USER_PATHS = NO;
				CLANG_ANALYZER_NONNULL = YES;
				CLANG_ANALYZER_NUMBER_OBJECT_CONVERSION = YES_AGGRESSIVE;
				CLANG_CXX_LANGUAGE_STANDARD = "gnu++17";
				CLANG_CXX_LIBRARY = "libc++";
				CLANG_ENABLE_MODULES = YES;
				CLANG_ENABLE_OBJC_ARC = YES;
				CLANG_ENABLE_OBJC_WEAK = YES;
				CLANG_WARN_BLOCK_CAPTURE_AUTORELEASING = YES;
				CLANG_WARN_BOOL_CONVERSION = YES;
				CLANG_WARN_COMMA = YES;
				CLANG_WARN_CONSTANT_CONVERSION = YES;
				CLANG_WARN_DEPRECATED_OBJC_IMPLEMENTATIONS = YES;
				CLANG_WARN_DIRECT_OBJC_ISA_USAGE = YES_ERROR;
				CLANG_WARN_DOCUMENTATION_COMMENTS = YES;
				CLANG_WARN_EMPTY_BODY = YES;
				CLANG_WARN_ENUM_CONVERSION = YES;
				CLANG_WARN_INFINITE_RECURSION = YES;
				CLANG_WARN_INT_CONVERSION = YES;
				CLANG_WARN_NON_LITERAL_NULL_CONVERSION = YES;
				CLANG_WARN_OBJC_IMPLICIT_RETAIN_SELF = YES;
				CLANG_WARN_OBJC_LITERAL_CONVERSION = YES;
				CLANG_WARN_OBJC_ROOT_CLASS = YES_ERROR;
				CLANG_WARN_QUOTED_INCLUDE_IN_FRAMEWORK_HEADER = YES;
				CLANG_WARN_RANGE_LOOP_ANALYSIS = YES;
				CLANG_WARN_STRICT_PROTOTYPES = YES;
				CLANG_WARN_SUSPICIOUS_MOVE = YES;
				CLANG_WARN_UNGUARDED_AVAILABILITY = YES_AGGRESSIVE;
				CLANG_WARN_UNREACHABLE_CODE = YES;
				CLANG_WARN__DUPLICATE_METHOD_MATCH = YES;
				COPY_PHASE_STRIP = NO;
				DEBUG_INFORMATION_FORMAT = "dwarf-with-dsym";
				ENABLE_NS_ASSERTIONS = NO;
				ENABLE_STRICT_OBJC_MSGSEND = YES;
				GCC_C_LANGUAGE_STANDARD = gnu11;
				GCC_NO_COMMON_BLOCKS = YES;
				GCC_WARN_64_TO_32_BIT_CONVERSION = YES;
				GCC_WARN_ABOUT_RETURN_TYPE = YES_ERROR;
				GCC_WARN_UNDECLARED_SELECTOR = YES;
				GCC_WARN_UNINITIALIZED_AUTOS = YES_AGGRESSIVE;
				GCC_WARN_UNUSED_FUNCTION = YES;
				GCC_WARN_UNUSED_VARIABLE = YES;
				IPHONEOS_DEPLOYMENT_TARGET = 15.0;
				MTL_ENABLE_DEBUG_INFO = NO;
				MTL_FAST_MATH = YES;
				SDKROOT = iphoneos;
				SWIFT_COMPILATION_MODE = wholemodule;
				SWIFT_OPTIMIZATION_LEVEL = "-O";
				VALIDATE_PRODUCT = YES;
			};
			name = Release;
		};
		0FC81960276129E7005AA47E /* Debug */ = {
			isa = XCBuildConfiguration;
			buildSettings = {
				ASSETCATALOG_COMPILER_APPICON_NAME = AppIcon;
				ASSETCATALOG_COMPILER_GLOBAL_ACCENT_COLOR_NAME = AccentColor;
				CODE_SIGN_STYLE = Automatic;
				CURRENT_PROJECT_VERSION = 1;
				DEVELOPMENT_ASSET_PATHS = "\"MensajesUno/Preview Content\"";
				DEVELOPMENT_TEAM = WCBWQ8ZQF2;
				ENABLE_PREVIEWS = YES;
				GENERATE_INFOPLIST_FILE = YES;
				INFOPLIST_KEY_UIApplicationSceneManifest_Generation = YES;
				INFOPLIST_KEY_UIApplicationSupportsIndirectInputEvents = YES;
				INFOPLIST_KEY_UILaunchScreen_Generation = YES;
				INFOPLIST_KEY_UISupportedInterfaceOrientations_iPad = "UIInterfaceOrientationPortrait UIInterfaceOrientationPortraitUpsideDown UIInterfaceOrientationLandscapeLeft UIInterfaceOrientationLandscapeRight";
				INFOPLIST_KEY_UISupportedInterfaceOrientations_iPhone = "UIInterfaceOrientationPortrait UIInterfaceOrientationLandscapeLeft UIInterfaceOrientationLandscapeRight";
				LD_RUNPATH_SEARCH_PATHS = (
					"$(inherited)",
					"@executable_path/Frameworks",
				);
				MARKETING_VERSION = 1.0;
				PRODUCT_BUNDLE_IDENTIFIER = sinuar.MensajesUno;
				PRODUCT_NAME = "$(TARGET_NAME)";
				SWIFT_EMIT_LOC_STRINGS = YES;
				SWIFT_VERSION = 5.0;
				TARGETED_DEVICE_FAMILY = "1,2";
			};
			name = Debug;
		};
		0FC81961276129E7005AA47E /* Release */ = {
			isa = XCBuildConfiguration;
			buildSettings = {
				ASSETCATALOG_COMPILER_APPICON_NAME = AppIcon;
				ASSETCATALOG_COMPILER_GLOBAL_ACCENT_COLOR_NAME = AccentColor;
				CODE_SIGN_STYLE = Automatic;
				CURRENT_PROJECT_VERSION = 1;
				DEVELOPMENT_ASSET_PATHS = "\"MensajesUno/Preview Content\"";
				DEVELOPMENT_TEAM = WCBWQ8ZQF2;
				ENABLE_PREVIEWS = YES;
				GENERATE_INFOPLIST_FILE = YES;
				INFOPLIST_KEY_UIApplicationSceneManifest_Generation = YES;
				INFOPLIST_KEY_UIApplicationSupportsIndirectInputEvents = YES;
				INFOPLIST_KEY_UILaunchScreen_Generation = YES;
				INFOPLIST_KEY_UISupportedInterfaceOrientations_iPad = "UIInterfaceOrientationPortrait UIInterfaceOrientationPortraitUpsideDown UIInterfaceOrientationLandscapeLeft UIInterfaceOrientationLandscapeRight";
				INFOPLIST_KEY_UISupportedInterfaceOrientations_iPhone = "UIInterfaceOrientationPortrait UIInterfaceOrientationLandscapeLeft UIInterfaceOrientationLandscapeRight";
				LD_RUNPATH_SEARCH_PATHS = (
					"$(inherited)",
					"@executable_path/Frameworks",
				);
				MARKETING_VERSION = 1.0;
				PRODUCT_BUNDLE_IDENTIFIER = sinuar.MensajesUno;
				PRODUCT_NAME = "$(TARGET_NAME)";
				SWIFT_EMIT_LOC_STRINGS = YES;
				SWIFT_VERSION = 5.0;
				TARGETED_DEVICE_FAMILY = "1,2";
			};
			name = Release;
		};
/* End XCBuildConfiguration section */

/* Begin XCConfigurationList section */
		0FC8194C276129E5005AA47E /* Build configuration list for PBXProject "MensajesUno" */ = {
			isa = XCConfigurationList;
			buildConfigurations = (
				0FC8195D276129E7005AA47E /* Debug */,
				0FC8195E276129E7005AA47E /* Release */,
			);
			defaultConfigurationIsVisible = 0;
			defaultConfigurationName = Release;
		};
		0FC8195F276129E7005AA47E /* Build configuration list for PBXNativeTarget "MensajesUno" */ = {
			isa = XCConfigurationList;
			buildConfigurations = (
				0FC81960276129E7005AA47E /* Debug */,
				0FC81961276129E7005AA47E /* Release */,
			);
			defaultConfigurationIsVisible = 0;
			defaultConfigurationName = Release;
		};
/* End XCConfigurationList section */
	};
	rootObject = 0FC81949276129E5005AA47E /* Project object */;
}
